// !$*UTF8*$!
{
	archiveVersion = 1;
	classes = {
	};
	objectVersion = 51;
	objects = {

/* Begin PBXBuildFile section */
		3C74C54F246B53ED00371A1E /* AppDelegate.swift in Sources */ = {isa = PBXBuildFile; fileRef = 3C74C54E246B53ED00371A1E /* AppDelegate.swift */; };
		3C74C551246B53ED00371A1E /* SceneDelegate.swift in Sources */ = {isa = PBXBuildFile; fileRef = 3C74C550246B53ED00371A1E /* SceneDelegate.swift */; };
		3C74C553246B53ED00371A1E /* ViewController.swift in Sources */ = {isa = PBXBuildFile; fileRef = 3C74C552246B53ED00371A1E /* ViewController.swift */; };
		3C74C556246B53ED00371A1E /* Main.storyboard in Resources */ = {isa = PBXBuildFile; fileRef = 3C74C554246B53ED00371A1E /* Main.storyboard */; };
		3C74C558246B53F100371A1E /* Assets.xcassets in Resources */ = {isa = PBXBuildFile; fileRef = 3C74C557246B53F100371A1E /* Assets.xcassets */; };
		3C74C55B246B53F100371A1E /* LaunchScreen.storyboard in Resources */ = {isa = PBXBuildFile; fileRef = 3C74C559246B53F100371A1E /* LaunchScreen.storyboard */; };
		3C75113C2478426B00753C9C /* NetworkManager.swift in Sources */ = {isa = PBXBuildFile; fileRef = 3C75113B2478426B00753C9C /* NetworkManager.swift */; };
		3C7511432478516100753C9C /* Tweet.swift in Sources */ = {isa = PBXBuildFile; fileRef = 3C7511422478516100753C9C /* Tweet.swift */; };
		3C7511452478690300753C9C /* MainViewController.swift in Sources */ = {isa = PBXBuildFile; fileRef = 3C7511442478690300753C9C /* MainViewController.swift */; };
		9E0183EDC38518FD578006FF /* Pods_FakeTweetTest.framework in Frameworks */ = {isa = PBXBuildFile; fileRef = 23CC266B22286A280584D7A7 /* Pods_FakeTweetTest.framework */; };
/* End PBXBuildFile section */

/* Begin PBXFileReference section */
		14BC05148E8124593347A83A /* Pods-FakeTweetTest.release.xcconfig */ = {isa = PBXFileReference; includeInIndex = 1; lastKnownFileType = text.xcconfig; name = "Pods-FakeTweetTest.release.xcconfig"; path = "Target Support Files/Pods-FakeTweetTest/Pods-FakeTweetTest.release.xcconfig"; sourceTree = "<group>"; };
		23CC266B22286A280584D7A7 /* Pods_FakeTweetTest.framework */ = {isa = PBXFileReference; explicitFileType = wrapper.framework; includeInIndex = 0; path = Pods_FakeTweetTest.framework; sourceTree = BUILT_PRODUCTS_DIR; };
		3C74C54B246B53ED00371A1E /* FakeTweetTest.app */ = {isa = PBXFileReference; explicitFileType = wrapper.application; includeInIndex = 0; path = FakeTweetTest.app; sourceTree = BUILT_PRODUCTS_DIR; };
		3C74C54E246B53ED00371A1E /* AppDelegate.swift */ = {isa = PBXFileReference; lastKnownFileType = sourcecode.swift; path = AppDelegate.swift; sourceTree = "<group>"; };
		3C74C550246B53ED00371A1E /* SceneDelegate.swift */ = {isa = PBXFileReference; lastKnownFileType = sourcecode.swift; path = SceneDelegate.swift; sourceTree = "<group>"; };
		3C74C552246B53ED00371A1E /* ViewController.swift */ = {isa = PBXFileReference; lastKnownFileType = sourcecode.swift; path = ViewController.swift; sourceTree = "<group>"; };
		3C74C555246B53ED00371A1E /* Base */ = {isa = PBXFileReference; lastKnownFileType = file.storyboard; name = Base; path = Base.lproj/Main.storyboard; sourceTree = "<group>"; };
		3C74C557246B53F100371A1E /* Assets.xcassets */ = {isa = PBXFileReference; lastKnownFileType = folder.assetcatalog; path = Assets.xcassets; sourceTree = "<group>"; };
		3C74C55A246B53F100371A1E /* Base */ = {isa = PBXFileReference; lastKnownFileType = file.storyboard; name = Base; path = Base.lproj/LaunchScreen.storyboard; sourceTree = "<group>"; };
		3C74C55C246B53F100371A1E /* Info.plist */ = {isa = PBXFileReference; lastKnownFileType = text.plist.xml; path = Info.plist; sourceTree = "<group>"; };
		3C75113B2478426B00753C9C /* NetworkManager.swift */ = {isa = PBXFileReference; lastKnownFileType = sourcecode.swift; path = NetworkManager.swift; sourceTree = "<group>"; };
		3C7511422478516100753C9C /* Tweet.swift */ = {isa = PBXFileReference; lastKnownFileType = sourcecode.swift; path = Tweet.swift; sourceTree = "<group>"; };
		3C7511442478690300753C9C /* MainViewController.swift */ = {isa = PBXFileReference; lastKnownFileType = sourcecode.swift; path = MainViewController.swift; sourceTree = "<group>"; };
		AC5AAE36A05CEA2F1BD5FDF5 /* Pods-FakeTweetTest.debug.xcconfig */ = {isa = PBXFileReference; includeInIndex = 1; lastKnownFileType = text.xcconfig; name = "Pods-FakeTweetTest.debug.xcconfig"; path = "Target Support Files/Pods-FakeTweetTest/Pods-FakeTweetTest.debug.xcconfig"; sourceTree = "<group>"; };
/* End PBXFileReference section */

/* Begin PBXFrameworksBuildPhase section */
		3C74C548246B53ED00371A1E /* Frameworks */ = {
			isa = PBXFrameworksBuildPhase;
			buildActionMask = 2147483647;
			files = (
				9E0183EDC38518FD578006FF /* Pods_FakeTweetTest.framework in Frameworks */,
			);
			runOnlyForDeploymentPostprocessing = 0;
		};
/* End PBXFrameworksBuildPhase section */

/* Begin PBXGroup section */
		13C6FF3F945A8677437CFB62 /* Frameworks */ = {
			isa = PBXGroup;
			children = (
				23CC266B22286A280584D7A7 /* Pods_FakeTweetTest.framework */,
			);
			name = Frameworks;
			sourceTree = "<group>";
		};
		21276770DB9B170D95F62BE4 /* Pods */ = {
			isa = PBXGroup;
			children = (
				AC5AAE36A05CEA2F1BD5FDF5 /* Pods-FakeTweetTest.debug.xcconfig */,
				14BC05148E8124593347A83A /* Pods-FakeTweetTest.release.xcconfig */,
			);
			path = Pods;
			sourceTree = "<group>";
		};
		3C74C542246B53ED00371A1E = {
			isa = PBXGroup;
			children = (
				3C74C54D246B53ED00371A1E /* FakeTweetTest */,
				3C74C54C246B53ED00371A1E /* Products */,
				21276770DB9B170D95F62BE4 /* Pods */,
				13C6FF3F945A8677437CFB62 /* Frameworks */,
			);
			sourceTree = "<group>";
		};
		3C74C54C246B53ED00371A1E /* Products */ = {
			isa = PBXGroup;
			children = (
				3C74C54B246B53ED00371A1E /* FakeTweetTest.app */,
			);
			name = Products;
			sourceTree = "<group>";
		};
		3C74C54D246B53ED00371A1E /* FakeTweetTest */ = {
			isa = PBXGroup;
			children = (
				3C7511412478513F00753C9C /* Models */,
				3C75114024784A2C00753C9C /* Managers */,
				3C75113F247849E400753C9C /* View Controllers */,
				3C75113E247849DB00753C9C /* Storyboards */,
				3C74C557246B53F100371A1E /* Assets.xcassets */,
				3C74C55C246B53F100371A1E /* Info.plist */,
				3C75113D247849C400753C9C /* Supporting */,
			);
			path = FakeTweetTest;
			sourceTree = "<group>";
		};
		3C75113D247849C400753C9C /* Supporting */ = {
			isa = PBXGroup;
			children = (
				3C74C54E246B53ED00371A1E /* AppDelegate.swift */,
				3C74C550246B53ED00371A1E /* SceneDelegate.swift */,
			);
			path = Supporting;
			sourceTree = "<group>";
		};
		3C75113E247849DB00753C9C /* Storyboards */ = {
			isa = PBXGroup;
			children = (
				3C74C554246B53ED00371A1E /* Main.storyboard */,
				3C74C559246B53F100371A1E /* LaunchScreen.storyboard */,
			);
			path = Storyboards;
			sourceTree = "<group>";
		};
		3C75113F247849E400753C9C /* View Controllers */ = {
			isa = PBXGroup;
			children = (
				3C74C552246B53ED00371A1E /* ViewController.swift */,
				3C7511442478690300753C9C /* MainViewController.swift */,
			);
			path = "View Controllers";
			sourceTree = "<group>";
		};
		3C75114024784A2C00753C9C /* Managers */ = {
			isa = PBXGroup;
			children = (
				3C75113B2478426B00753C9C /* NetworkManager.swift */,
			);
			path = Managers;
			sourceTree = "<group>";
		};
		3C7511412478513F00753C9C /* Models */ = {
			isa = PBXGroup;
			children = (
				3C7511422478516100753C9C /* Tweet.swift */,
			);
			path = Models;
			sourceTree = "<group>";
		};
/* End PBXGroup section */

/* Begin PBXNativeTarget section */
		3C74C54A246B53ED00371A1E /* FakeTweetTest */ = {
			isa = PBXNativeTarget;
			buildConfigurationList = 3C74C55F246B53F100371A1E /* Build configuration list for PBXNativeTarget "FakeTweetTest" */;
			buildPhases = (
				C3BE06BFF13D2A1A57BA29EC /* [CP] Check Pods Manifest.lock */,
				3C74C547246B53ED00371A1E /* Sources */,
				3C74C548246B53ED00371A1E /* Frameworks */,
				3C74C549246B53ED00371A1E /* Resources */,
				51154C6FA9A144A7C5E213EB /* [CP] Embed Pods Frameworks */,
			);
			buildRules = (
			);
			dependencies = (
			);
			name = FakeTweetTest;
			productName = FakeTweetTest;
			productReference = 3C74C54B246B53ED00371A1E /* FakeTweetTest.app */;
			productType = "com.apple.product-type.application";
		};
/* End PBXNativeTarget section */

/* Begin PBXProject section */
		3C74C543246B53ED00371A1E /* Project object */ = {
			isa = PBXProject;
			attributes = {
				LastSwiftUpdateCheck = 1140;
				LastUpgradeCheck = 1140;
				ORGANIZATIONNAME = "Abinodh Thomas";
				TargetAttributes = {
					3C74C54A246B53ED00371A1E = {
						CreatedOnToolsVersion = 11.4.1;
					};
				};
			};
			buildConfigurationList = 3C74C546246B53ED00371A1E /* Build configuration list for PBXProject "FakeTweetTest" */;
			compatibilityVersion = "Xcode 9.3";
			developmentRegion = en;
			hasScannedForEncodings = 0;
			knownRegions = (
				en,
				Base,
			);
			mainGroup = 3C74C542246B53ED00371A1E;
			productRefGroup = 3C74C54C246B53ED00371A1E /* Products */;
			projectDirPath = "";
			projectRoot = "";
			targets = (
				3C74C54A246B53ED00371A1E /* FakeTweetTest */,
			);
		};
/* End PBXProject section */

/* Begin PBXResourcesBuildPhase section */
		3C74C549246B53ED00371A1E /* Resources */ = {
			isa = PBXResourcesBuildPhase;
			buildActionMask = 2147483647;
			files = (
				3C74C55B246B53F100371A1E /* LaunchScreen.storyboard in Resources */,
				3C74C558246B53F100371A1E /* Assets.xcassets in Resources */,
				3C74C556246B53ED00371A1E /* Main.storyboard in Resources */,
			);
			runOnlyForDeploymentPostprocessing = 0;
		};
/* End PBXResourcesBuildPhase section */

/* Begin PBXShellScriptBuildPhase section */
		51154C6FA9A144A7C5E213EB /* [CP] Embed Pods Frameworks */ = {
			isa = PBXShellScriptBuildPhase;
			buildActionMask = 2147483647;
			files = (
			);
			inputFileListPaths = (
				"${PODS_ROOT}/Target Support Files/Pods-FakeTweetTest/Pods-FakeTweetTest-frameworks-${CONFIGURATION}-input-files.xcfilelist",
			);
			name = "[CP] Embed Pods Frameworks";
			outputFileListPaths = (
				"${PODS_ROOT}/Target Support Files/Pods-FakeTweetTest/Pods-FakeTweetTest-frameworks-${CONFIGURATION}-output-files.xcfilelist",
			);
			runOnlyForDeploymentPostprocessing = 0;
			shellPath = /bin/sh;
			shellScript = "\"${PODS_ROOT}/Target Support Files/Pods-FakeTweetTest/Pods-FakeTweetTest-frameworks.sh\"\n";
			showEnvVarsInLog = 0;
		};
		C3BE06BFF13D2A1A57BA29EC /* [CP] Check Pods Manifest.lock */ = {
			isa = PBXShellScriptBuildPhase;
			buildActionMask = 2147483647;
			files = (
			);
			inputFileListPaths = (
			);
			inputPaths = (
				"${PODS_PODFILE_DIR_PATH}/Podfile.lock",
				"${PODS_ROOT}/Manifest.lock",
			);
			name = "[CP] Check Pods Manifest.lock";
			outputFileListPaths = (
			);
			outputPaths = (
				"$(DERIVED_FILE_DIR)/Pods-FakeTweetTest-checkManifestLockResult.txt",
			);
			runOnlyForDeploymentPostprocessing = 0;
			shellPath = /bin/sh;
			shellScript = "diff \"${PODS_PODFILE_DIR_PATH}/Podfile.lock\" \"${PODS_ROOT}/Manifest.lock\" > /dev/null\nif [ $? != 0 ] ; then\n    # print error to STDERR\n    echo \"error: The sandbox is not in sync with the Podfile.lock. Run 'pod install' or update your CocoaPods installation.\" >&2\n    exit 1\nfi\n# This output is used by Xcode 'outputs' to avoid re-running this script phase.\necho \"SUCCESS\" > \"${SCRIPT_OUTPUT_FILE_0}\"\n";
			showEnvVarsInLog = 0;
		};
/* End PBXShellScriptBuildPhase section */

/* Begin PBXSourcesBuildPhase section */
		3C74C547246B53ED00371A1E /* Sources */ = {
			isa = PBXSourcesBuildPhase;
			buildActionMask = 2147483647;
			files = (
				3C75113C2478426B00753C9C /* NetworkManager.swift in Sources */,
				3C7511432478516100753C9C /* Tweet.swift in Sources */,
				3C74C553246B53ED00371A1E /* ViewController.swift in Sources */,
				3C7511452478690300753C9C /* MainViewController.swift in Sources */,
				3C74C54F246B53ED00371A1E /* AppDelegate.swift in Sources */,
				3C74C551246B53ED00371A1E /* SceneDelegate.swift in Sources */,
			);
			runOnlyForDeploymentPostprocessing = 0;
		};
/* End PBXSourcesBuildPhase section */

/* Begin PBXVariantGroup section */
		3C74C554246B53ED00371A1E /* Main.storyboard */ = {
			isa = PBXVariantGroup;
			children = (
				3C74C555246B53ED00371A1E /* Base */,
			);
			name = Main.storyboard;
			sourceTree = "<group>";
		};
		3C74C559246B53F100371A1E /* LaunchScreen.storyboard */ = {
			isa = PBXVariantGroup;
			children = (
				3C74C55A246B53F100371A1E /* Base */,
			);
			name = LaunchScreen.storyboard;
			sourceTree = "<group>";
		};
/* End PBXVariantGroup section */

/* Begin XCBuildConfiguration section */
		3C74C55D246B53F100371A1E /* Debug */ = {
			isa = XCBuildConfiguration;
			buildSettings = {
				ALWAYS_SEARCH_USER_PATHS = NO;
				CLANG_ANALYZER_NONNULL = YES;
				CLANG_ANALYZER_NUMBER_OBJECT_CONVERSION = YES_AGGRESSIVE;
				CLANG_CXX_LANGUAGE_STANDARD = "gnu++14";
				CLANG_CXX_LIBRARY = "libc++";
				CLANG_ENABLE_MODULES = YES;
				CLANG_ENABLE_OBJC_ARC = YES;
				CLANG_ENABLE_OBJC_WEAK = YES;
				CLANG_WARN_BLOCK_CAPTURE_AUTORELEASING = YES;
				CLANG_WARN_BOOL_CONVERSION = YES;
				CLANG_WARN_COMMA = YES;
				CLANG_WARN_CONSTANT_CONVERSION = YES;
				CLANG_WARN_DEPRECATED_OBJC_IMPLEMENTATIONS = YES;
				CLANG_WARN_DIRECT_OBJC_ISA_USAGE = YES_ERROR;
				CLANG_WARN_DOCUMENTATION_COMMENTS = YES;
				CLANG_WARN_EMPTY_BODY = YES;
				CLANG_WARN_ENUM_CONVERSION = YES;
				CLANG_WARN_INFINITE_RECURSION = YES;
				CLANG_WARN_INT_CONVERSION = YES;
				CLANG_WARN_NON_LITERAL_NULL_CONVERSION = YES;
				CLANG_WARN_OBJC_IMPLICIT_RETAIN_SELF = YES;
				CLANG_WARN_OBJC_LITERAL_CONVERSION = YES;
				CLANG_WARN_OBJC_ROOT_CLASS = YES_ERROR;
				CLANG_WARN_RANGE_LOOP_ANALYSIS = YES;
				CLANG_WARN_STRICT_PROTOTYPES = YES;
				CLANG_WARN_SUSPICIOUS_MOVE = YES;
				CLANG_WARN_UNGUARDED_AVAILABILITY = YES_AGGRESSIVE;
				CLANG_WARN_UNREACHABLE_CODE = YES;
				CLANG_WARN__DUPLICATE_METHOD_MATCH = YES;
				COPY_PHASE_STRIP = NO;
				DEBUG_INFORMATION_FORMAT = dwarf;
				ENABLE_STRICT_OBJC_MSGSEND = YES;
				ENABLE_TESTABILITY = YES;
				GCC_C_LANGUAGE_STANDARD = gnu11;
				GCC_DYNAMIC_NO_PIC = NO;
				GCC_NO_COMMON_BLOCKS = YES;
				GCC_OPTIMIZATION_LEVEL = 0;
				GCC_PREPROCESSOR_DEFINITIONS = (
					"DEBUG=1",
					"$(inherited)",
				);
				GCC_WARN_64_TO_32_BIT_CONVERSION = YES;
				GCC_WARN_ABOUT_RETURN_TYPE = YES_ERROR;
				GCC_WARN_UNDECLARED_SELECTOR = YES;
				GCC_WARN_UNINITIALIZED_AUTOS = YES_AGGRESSIVE;
				GCC_WARN_UNUSED_FUNCTION = YES;
				GCC_WARN_UNUSED_VARIABLE = YES;
				IPHONEOS_DEPLOYMENT_TARGET = 13.4;
				MTL_ENABLE_DEBUG_INFO = INCLUDE_SOURCE;
				MTL_FAST_MATH = YES;
				ONLY_ACTIVE_ARCH = YES;
				SDKROOT = iphoneos;
				SWIFT_ACTIVE_COMPILATION_CONDITIONS = DEBUG;
				SWIFT_OPTIMIZATION_LEVEL = "-Onone";
			};
			name = Debug;
		};
		3C74C55E246B53F100371A1E /* Release */ = {
			isa = XCBuildConfiguration;
			buildSettings = {
				ALWAYS_SEARCH_USER_PATHS = NO;
				CLANG_ANALYZER_NONNULL = YES;
				CLANG_ANALYZER_NUMBER_OBJECT_CONVERSION = YES_AGGRESSIVE;
				CLANG_CXX_LANGUAGE_STANDARD = "gnu++14";
				CLANG_CXX_LIBRARY = "libc++";
				CLANG_ENABLE_MODULES = YES;
				CLANG_ENABLE_OBJC_ARC = YES;
				CLANG_ENABLE_OBJC_WEAK = YES;
				CLANG_WARN_BLOCK_CAPTURE_AUTORELEASING = YES;
				CLANG_WARN_BOOL_CONVERSION = YES;
				CLANG_WARN_COMMA = YES;
				CLANG_WARN_CONSTANT_CONVERSION = YES;
				CLANG_WARN_DEPRECATED_OBJC_IMPLEMENTATIONS = YES;
				CLANG_WARN_DIRECT_OBJC_ISA_USAGE = YES_ERROR;
				CLANG_WARN_DOCUMENTATION_COMMENTS = YES;
				CLANG_WARN_EMPTY_BODY = YES;
				CLANG_WARN_ENUM_CONVERSION = YES;
				CLANG_WARN_INFINITE_RECURSION = YES;
				CLANG_WARN_INT_CONVERSION = YES;
				CLANG_WARN_NON_LITERAL_NULL_CONVERSION = YES;
				CLANG_WARN_OBJC_IMPLICIT_RETAIN_SELF = YES;
				CLANG_WARN_OBJC_LITERAL_CONVERSION = YES;
				CLANG_WARN_OBJC_ROOT_CLASS = YES_ERROR;
				CLANG_WARN_RANGE_LOOP_ANALYSIS = YES;
				CLANG_WARN_STRICT_PROTOTYPES = YES;
				CLANG_WARN_SUSPICIOUS_MOVE = YES;
				CLANG_WARN_UNGUARDED_AVAILABILITY = YES_AGGRESSIVE;
				CLANG_WARN_UNREACHABLE_CODE = YES;
				CLANG_WARN__DUPLICATE_METHOD_MATCH = YES;
				COPY_PHASE_STRIP = NO;
				DEBUG_INFORMATION_FORMAT = "dwarf-with-dsym";
				ENABLE_NS_ASSERTIONS = NO;
				ENABLE_STRICT_OBJC_MSGSEND = YES;
				GCC_C_LANGUAGE_STANDARD = gnu11;
				GCC_NO_COMMON_BLOCKS = YES;
				GCC_WARN_64_TO_32_BIT_CONVERSION = YES;
				GCC_WARN_ABOUT_RETURN_TYPE = YES_ERROR;
				GCC_WARN_UNDECLARED_SELECTOR = YES;
				GCC_WARN_UNINITIALIZED_AUTOS = YES_AGGRESSIVE;
				GCC_WARN_UNUSED_FUNCTION = YES;
				GCC_WARN_UNUSED_VARIABLE = YES;
				IPHONEOS_DEPLOYMENT_TARGET = 13.4;
				MTL_ENABLE_DEBUG_INFO = NO;
				MTL_FAST_MATH = YES;
				SDKROOT = iphoneos;
				SWIFT_COMPILATION_MODE = wholemodule;
				SWIFT_OPTIMIZATION_LEVEL = "-O";
				VALIDATE_PRODUCT = YES;
			};
			name = Release;
		};
		3C74C560246B53F100371A1E /* Debug */ = {
			isa = XCBuildConfiguration;
			baseConfigurationReference = AC5AAE36A05CEA2F1BD5FDF5 /* Pods-FakeTweetTest.debug.xcconfig */;
			buildSettings = {
				ASSETCATALOG_COMPILER_APPICON_NAME = AppIcon;
				CODE_SIGN_IDENTITY = "Apple Development";
				CODE_SIGN_STYLE = Automatic;
				DEVELOPMENT_TEAM = "";
				INFOPLIST_FILE = FakeTweetTest/Info.plist;
				IPHONEOS_DEPLOYMENT_TARGET = 12.4;
				LD_RUNPATH_SEARCH_PATHS = (
					"$(inherited)",
					"@executable_path/Frameworks",
				);
				PRODUCT_BUNDLE_IDENTIFIER = com.steamclock.FakeTweetTest;
				PRODUCT_NAME = "$(TARGET_NAME)";
				PROVISIONING_PROFILE_SPECIFIER = "";
				SWIFT_VERSION = 5.0;
				TARGETED_DEVICE_FAMILY = "1,2";
			};
			name = Debug;
		};
		3C74C561246B53F100371A1E /* Release */ = {
			isa = XCBuildConfiguration;
			baseConfigurationReference = 14BC05148E8124593347A83A /* Pods-FakeTweetTest.release.xcconfig */;
			buildSettings = {
				ASSETCATALOG_COMPILER_APPICON_NAME = AppIcon;
				CODE_SIGN_IDENTITY = "Apple Development";
				CODE_SIGN_STYLE = Automatic;
				DEVELOPMENT_TEAM = "";
				INFOPLIST_FILE = FakeTweetTest/Info.plist;
				IPHONEOS_DEPLOYMENT_TARGET = 12.4;
				LD_RUNPATH_SEARCH_PATHS = (
					"$(inherited)",
					"@executable_path/Frameworks",
				);
				PRODUCT_BUNDLE_IDENTIFIER = com.steamclock.FakeTweetTest;
				PRODUCT_NAME = "$(TARGET_NAME)";
				PROVISIONING_PROFILE_SPECIFIER = "";
				SWIFT_VERSION = 5.0;
				TARGETED_DEVICE_FAMILY = "1,2";
			};
			name = Release;
		};
/* End XCBuildConfiguration section */

/* Begin XCConfigurationList section */
		3C74C546246B53ED00371A1E /* Build configuration list for PBXProject "FakeTweetTest" */ = {
			isa = XCConfigurationList;
			buildConfigurations = (
				3C74C55D246B53F100371A1E /* Debug */,
				3C74C55E246B53F100371A1E /* Release */,
			);
			defaultConfigurationIsVisible = 0;
			defaultConfigurationName = Release;
		};
		3C74C55F246B53F100371A1E /* Build configuration list for PBXNativeTarget "FakeTweetTest" */ = {
			isa = XCConfigurationList;
			buildConfigurations = (
				3C74C560246B53F100371A1E /* Debug */,
				3C74C561246B53F100371A1E /* Release */,
			);
			defaultConfigurationIsVisible = 0;
			defaultConfigurationName = Release;
		};
/* End XCConfigurationList section */
	};
	rootObject = 3C74C543246B53ED00371A1E /* Project object */;
}
